<?xml version="1.0" encoding="utf-8"?>
<Project ToolsVersion="4.0" xmlns="http://schemas.microsoft.com/developer/msbuild/2003">
  <ItemGroup>
    <Filter Include="Source Dateien">
      <UniqueIdentifier>{4FC737F1-C7A5-4376-A066-2A32D752A2FF}</UniqueIdentifier>
      <Extensions>cpp;cxx;c;def</Extensions>
    </Filter>
    <Filter Include="Header Dateien">
      <UniqueIdentifier>{93995380-89BD-4b04-88EB-625FBE52EBFB}</UniqueIdentifier>
      <Extensions>h</Extensions>
    </Filter>
    <Filter Include="Form Dateien">
      <UniqueIdentifier>{99349809-55BA-4b9d-BF79-8FDBB0286EB3}</UniqueIdentifier>
      <Extensions>ui</Extensions>
    </Filter>
    <Filter Include="Resource Dateien">
      <UniqueIdentifier>{D9D6E242-F8AF-46E4-B9FD-80ECBC20BA3E}</UniqueIdentifier>
      <Extensions>qrc;*</Extensions>
      <ParseFiles>false</ParseFiles>
    </Filter>
    <Filter Include="Generierte Dateien">
      <UniqueIdentifier>{71ED8ED8-ACB9-4CE9-BBE1-E00B30144E11}</UniqueIdentifier>
      <Extensions>moc;h;cpp</Extensions>
      <SourceControlFiles>False</SourceControlFiles>
    </Filter>
    <Filter Include="Generierte Dateien\Debug">
      <UniqueIdentifier>{358ce379-5390-4617-be04-3434bc4e2d9c}</UniqueIdentifier>
      <Extensions>cpp;moc</Extensions>
      <SourceControlFiles>False</SourceControlFiles>
    </Filter>
    <Filter Include="Generierte Dateien\Release">
      <UniqueIdentifier>{733a7943-d68d-4b4b-8332-a7c010b42a5b}</UniqueIdentifier>
      <Extensions>cpp;moc</Extensions>
      <SourceControlFiles>False</SourceControlFiles>
    </Filter>
    <Filter Include="Serial">
      <UniqueIdentifier>{e9d7a528-5c3f-4993-b382-d58e3b96cc94}</UniqueIdentifier>
    </Filter>
    <Filter Include="Serial\impl">
      <UniqueIdentifier>{49589f95-4654-4e60-b513-21de10988119}</UniqueIdentifier>
    </Filter>
    <Filter Include="Serial\impl\list_ports">
      <UniqueIdentifier>{8470961a-48dd-41ce-97af-bb5ad42055fd}</UniqueIdentifier>
    </Filter>
    <Filter Include="RtMidi">
      <UniqueIdentifier>{d4c72a19-b8a8-4a84-8f84-b04729d42f3b}</UniqueIdentifier>
    </Filter>
    <Filter Include="embedded-midilib">
      <UniqueIdentifier>{8ea08fae-d306-42a1-b6f5-997e39b00c98}</UniqueIdentifier>
    </Filter>
  </ItemGroup>
  <ItemGroup>
    <ClCompile Include="main.cpp">
      <Filter>Source Dateien</Filter>
    </ClCompile>
    <ClCompile Include="flyfi.cpp">
      <Filter>Source Dateien</Filter>
    </ClCompile>
    <ClCompile Include="serial\impl\list_ports\list_ports_win.cpp">
      <Filter>Serial\impl\list_ports</Filter>
    </ClCompile>
    <ClCompile Include="rtmidi\RtMidi.cpp">
      <Filter>RtMidi</Filter>
    </ClCompile>
    <ClCompile Include="serial\impl\win.cpp">
      <Filter>Serial\impl</Filter>
    </ClCompile>
    <ClCompile Include="serial\serial.cpp">
      <Filter>Serial</Filter>
    </ClCompile>
    <ClCompile Include="embedded-midilib\midiutil.c">
      <Filter>embedded-midilib</Filter>
    </ClCompile>
  </ItemGroup>
  <ItemGroup>
    <QtMoc Include="flyfi.h">
      <Filter>Header Dateien</Filter>
    </QtMoc>
    <QtUic Include="flyfi.ui">
      <Filter>Form Dateien</Filter>
    </QtUic>
    <QtRcc Include="flyfi.qrc">
      <Filter>Resource Dateien</Filter>
    </QtRcc>
  </ItemGroup>
  <ItemGroup>
    <ClInclude Include="rtmidi\RtMidi.h">
      <Filter>RtMidi</Filter>
    </ClInclude>
  </ItemGroup>
</Project>